
Microsoft Visual Studio Solution File, Format Version 12.00
# Visual Studio Version 17
VisualStudioVersion = 17.0.32112.339
MinimumVisualStudioVersion = 10.0.40219.1
Project("{FAE04EC0-301F-11D3-BF4B-00C04F79EFBC}") = "RegistryApiBilling", "RegistryApiBilling\RegistryApiBilling.csproj", "{9B5CFDAA-0DDF-4584-945A-4C82BB0FDD84}"
EndProject
Global
	GlobalSection(SolutionConfigurationPlatforms) = preSolution
		Debug|Any CPU = Debug|Any CPU
		Release|Any CPU = Release|Any CPU
	EndGlobalSection
	GlobalSection(ProjectConfigurationPlatforms) = postSolution
		{9B5CFDAA-0DDF-4584-945A-4C82BB0FDD84}.Debug|Any CPU.ActiveCfg = Debug|Any CPU
		{9B5CFDAA-0DDF-4584-945A-4C82BB0FDD84}.Debug|Any CPU.Build.0 = Debug|Any CPU
		{9B5CFDAA-0DDF-4584-945A-4C82BB0FDD84}.Release|Any CPU.ActiveCfg = Release|Any CPU
		{9B5CFDAA-0DDF-4584-945A-4C82BB0FDD84}.Release|Any CPU.Build.0 = Release|Any CPU
	EndGlobalSection
	GlobalSection(SolutionProperties) = preSolution
		HideSolutionNode = FALSE
	EndGlobalSection
	GlobalSection(ExtensibilityGlobals) = postSolution
		SolutionGuid = {7B8B60AF-1497-45AA-9F27-B462F42DD150}
	EndGlobalSection
EndGlobal
